// !$*UTF8*$!
{
	archiveVersion = 1;
	classes = {
	};
	objectVersion = 56;
	objects = {

/* Begin PBXBuildFile section */
		D7CC6EEC2A3D60ED00199A22 /* AppDelegate.swift in Sources */ = {isa = PBXBuildFile; fileRef = D7CC6EEB2A3D60ED00199A22 /* AppDelegate.swift */; };
		D7CC6EEE2A3D60ED00199A22 /* SceneDelegate.swift in Sources */ = {isa = PBXBuildFile; fileRef = D7CC6EED2A3D60ED00199A22 /* SceneDelegate.swift */; };
		D7CC6EF02A3D60ED00199A22 /* ViewController.swift in Sources */ = {isa = PBXBuildFile; fileRef = D7CC6EEF2A3D60ED00199A22 /* ViewController.swift */; };
		D7CC6EF32A3D60ED00199A22 /* Main.storyboard in Resources */ = {isa = PBXBuildFile; fileRef = D7CC6EF12A3D60ED00199A22 /* Main.storyboard */; };
		D7CC6EF52A3D60EF00199A22 /* Assets.xcassets in Resources */ = {isa = PBXBuildFile; fileRef = D7CC6EF42A3D60EF00199A22 /* Assets.xcassets */; };
		D7CC6EF82A3D60EF00199A22 /* LaunchScreen.storyboard in Resources */ = {isa = PBXBuildFile; fileRef = D7CC6EF62A3D60EF00199A22 /* LaunchScreen.storyboard */; };
		D7CC6F032A3D60EF00199A22 /* appTestesUnitariosTests.swift in Sources */ = {isa = PBXBuildFile; fileRef = D7CC6F022A3D60EF00199A22 /* appTestesUnitariosTests.swift */; };
		D7CC6F1C2A3E077800199A22 /* UtilsTest.swift in Sources */ = {isa = PBXBuildFile; fileRef = D7CC6F1B2A3E077800199A22 /* UtilsTest.swift */; };
		D7CC6F1E2A3E08F100199A22 /* Utils.swift in Sources */ = {isa = PBXBuildFile; fileRef = D7CC6F1D2A3E08F100199A22 /* Utils.swift */; };
/* End PBXBuildFile section */

/* Begin PBXContainerItemProxy section */
		D7CC6EFF2A3D60EF00199A22 /* PBXContainerItemProxy */ = {
			isa = PBXContainerItemProxy;
			containerPortal = D7CC6EE02A3D60ED00199A22 /* Project object */;
			proxyType = 1;
			remoteGlobalIDString = D7CC6EE72A3D60ED00199A22;
			remoteInfo = appTestesUnitarios;
		};
/* End PBXContainerItemProxy section */

/* Begin PBXFileReference section */
		D7CC6EE82A3D60ED00199A22 /* appTestesUnitarios.app */ = {isa = PBXFileReference; explicitFileType = wrapper.application; includeInIndex = 0; path = appTestesUnitarios.app; sourceTree = BUILT_PRODUCTS_DIR; };
		D7CC6EEB2A3D60ED00199A22 /* AppDelegate.swift */ = {isa = PBXFileReference; lastKnownFileType = sourcecode.swift; path = AppDelegate.swift; sourceTree = "<group>"; };
		D7CC6EED2A3D60ED00199A22 /* SceneDelegate.swift */ = {isa = PBXFileReference; lastKnownFileType = sourcecode.swift; path = SceneDelegate.swift; sourceTree = "<group>"; };
		D7CC6EEF2A3D60ED00199A22 /* ViewController.swift */ = {isa = PBXFileReference; lastKnownFileType = sourcecode.swift; path = ViewController.swift; sourceTree = "<group>"; };
		D7CC6EF22A3D60ED00199A22 /* Base */ = {isa = PBXFileReference; lastKnownFileType = file.storyboard; name = Base; path = Base.lproj/Main.storyboard; sourceTree = "<group>"; };
		D7CC6EF42A3D60EF00199A22 /* Assets.xcassets */ = {isa = PBXFileReference; lastKnownFileType = folder.assetcatalog; path = Assets.xcassets; sourceTree = "<group>"; };
		D7CC6EF72A3D60EF00199A22 /* Base */ = {isa = PBXFileReference; lastKnownFileType = file.storyboard; name = Base; path = Base.lproj/LaunchScreen.storyboard; sourceTree = "<group>"; };
		D7CC6EF92A3D60EF00199A22 /* Info.plist */ = {isa = PBXFileReference; lastKnownFileType = text.plist.xml; path = Info.plist; sourceTree = "<group>"; };
		D7CC6EFE2A3D60EF00199A22 /* appTestesUnitariosTests.xctest */ = {isa = PBXFileReference; explicitFileType = wrapper.cfbundle; includeInIndex = 0; path = appTestesUnitariosTests.xctest; sourceTree = BUILT_PRODUCTS_DIR; };
		D7CC6F022A3D60EF00199A22 /* appTestesUnitariosTests.swift */ = {isa = PBXFileReference; lastKnownFileType = sourcecode.swift; path = appTestesUnitariosTests.swift; sourceTree = "<group>"; };
		D7CC6F1B2A3E077800199A22 /* UtilsTest.swift */ = {isa = PBXFileReference; lastKnownFileType = sourcecode.swift; path = UtilsTest.swift; sourceTree = "<group>"; };
		D7CC6F1D2A3E08F100199A22 /* Utils.swift */ = {isa = PBXFileReference; lastKnownFileType = sourcecode.swift; path = Utils.swift; sourceTree = "<group>"; };
/* End PBXFileReference section */

/* Begin PBXFrameworksBuildPhase section */
		D7CC6EE52A3D60ED00199A22 /* Frameworks */ = {
			isa = PBXFrameworksBuildPhase;
			buildActionMask = 2147483647;
			files = (
			);
			runOnlyForDeploymentPostprocessing = 0;
		};
		D7CC6EFB2A3D60EF00199A22 /* Frameworks */ = {
			isa = PBXFrameworksBuildPhase;
			buildActionMask = 2147483647;
			files = (
			);
			runOnlyForDeploymentPostprocessing = 0;
		};
/* End PBXFrameworksBuildPhase section */

/* Begin PBXGroup section */
		D7CC6EDF2A3D60ED00199A22 = {
			isa = PBXGroup;
			children = (
				D7CC6EEA2A3D60ED00199A22 /* appTestesUnitarios */,
				D7CC6F012A3D60EF00199A22 /* appTestesUnitariosTests */,
				D7CC6EE92A3D60ED00199A22 /* Products */,
			);
			sourceTree = "<group>";
		};
		D7CC6EE92A3D60ED00199A22 /* Products */ = {
			isa = PBXGroup;
			children = (
				D7CC6EE82A3D60ED00199A22 /* appTestesUnitarios.app */,
				D7CC6EFE2A3D60EF00199A22 /* appTestesUnitariosTests.xctest */,
			);
			name = Products;
			sourceTree = "<group>";
		};
		D7CC6EEA2A3D60ED00199A22 /* appTestesUnitarios */ = {
			isa = PBXGroup;
			children = (
				D7CC6EEB2A3D60ED00199A22 /* AppDelegate.swift */,
				D7CC6EED2A3D60ED00199A22 /* SceneDelegate.swift */,
				D7CC6EEF2A3D60ED00199A22 /* ViewController.swift */,
				D7CC6EF12A3D60ED00199A22 /* Main.storyboard */,
				D7CC6EF42A3D60EF00199A22 /* Assets.xcassets */,
				D7CC6EF62A3D60EF00199A22 /* LaunchScreen.storyboard */,
				D7CC6EF92A3D60EF00199A22 /* Info.plist */,
				D7CC6F1D2A3E08F100199A22 /* Utils.swift */,
			);
			path = appTestesUnitarios;
			sourceTree = "<group>";
		};
		D7CC6F012A3D60EF00199A22 /* appTestesUnitariosTests */ = {
			isa = PBXGroup;
			children = (
				D7CC6F022A3D60EF00199A22 /* appTestesUnitariosTests.swift */,
				D7CC6F1B2A3E077800199A22 /* UtilsTest.swift */,
			);
			path = appTestesUnitariosTests;
			sourceTree = "<group>";
		};
/* End PBXGroup section */

/* Begin PBXNativeTarget section */
		D7CC6EE72A3D60ED00199A22 /* appTestesUnitarios */ = {
			isa = PBXNativeTarget;
			buildConfigurationList = D7CC6F122A3D60EF00199A22 /* Build configuration list for PBXNativeTarget "appTestesUnitarios" */;
			buildPhases = (
				D7CC6EE42A3D60ED00199A22 /* Sources */,
				D7CC6EE52A3D60ED00199A22 /* Frameworks */,
				D7CC6EE62A3D60ED00199A22 /* Resources */,
			);
			buildRules = (
			);
			dependencies = (
			);
			name = appTestesUnitarios;
			productName = appTestesUnitarios;
			productReference = D7CC6EE82A3D60ED00199A22 /* appTestesUnitarios.app */;
			productType = "com.apple.product-type.application";
		};
		D7CC6EFD2A3D60EF00199A22 /* appTestesUnitariosTests */ = {
			isa = PBXNativeTarget;
			buildConfigurationList = D7CC6F152A3D60EF00199A22 /* Build configuration list for PBXNativeTarget "appTestesUnitariosTests" */;
			buildPhases = (
				D7CC6EFA2A3D60EF00199A22 /* Sources */,
				D7CC6EFB2A3D60EF00199A22 /* Frameworks */,
				D7CC6EFC2A3D60EF00199A22 /* Resources */,
			);
			buildRules = (
			);
			dependencies = (
				D7CC6F002A3D60EF00199A22 /* PBXTargetDependency */,
			);
			name = appTestesUnitariosTests;
			productName = appTestesUnitariosTests;
			productReference = D7CC6EFE2A3D60EF00199A22 /* appTestesUnitariosTests.xctest */;
			productType = "com.apple.product-type.bundle.unit-test";
		};
/* End PBXNativeTarget section */

/* Begin PBXProject section */
		D7CC6EE02A3D60ED00199A22 /* Project object */ = {
			isa = PBXProject;
			attributes = {
				BuildIndependentTargetsInParallel = 1;
				LastSwiftUpdateCheck = 1430;
				LastUpgradeCheck = 1430;
				TargetAttributes = {
					D7CC6EE72A3D60ED00199A22 = {
						CreatedOnToolsVersion = 14.3.1;
					};
					D7CC6EFD2A3D60EF00199A22 = {
						CreatedOnToolsVersion = 14.3.1;
						TestTargetID = D7CC6EE72A3D60ED00199A22;
					};
				};
			};
			buildConfigurationList = D7CC6EE32A3D60ED00199A22 /* Build configuration list for PBXProject "appTestesUnitarios" */;
			compatibilityVersion = "Xcode 14.0";
			developmentRegion = en;
			hasScannedForEncodings = 0;
			knownRegions = (
				en,
				Base,
			);
			mainGroup = D7CC6EDF2A3D60ED00199A22;
			productRefGroup = D7CC6EE92A3D60ED00199A22 /* Products */;
			projectDirPath = "";
			projectRoot = "";
			targets = (
				D7CC6EE72A3D60ED00199A22 /* appTestesUnitarios */,
				D7CC6EFD2A3D60EF00199A22 /* appTestesUnitariosTests */,
			);
		};
/* End PBXProject section */

/* Begin PBXResourcesBuildPhase section */
		D7CC6EE62A3D60ED00199A22 /* Resources */ = {
			isa = PBXResourcesBuildPhase;
			buildActionMask = 2147483647;
			files = (
				D7CC6EF82A3D60EF00199A22 /* LaunchScreen.storyboard in Resources */,
				D7CC6EF52A3D60EF00199A22 /* Assets.xcassets in Resources */,
				D7CC6EF32A3D60ED00199A22 /* Main.storyboard in Resources */,
			);
			runOnlyForDeploymentPostprocessing = 0;
		};
		D7CC6EFC2A3D60EF00199A22 /* Resources */ = {
			isa = PBXResourcesBuildPhase;
			buildActionMask = 2147483647;
			files = (
			);
			runOnlyForDeploymentPostprocessing = 0;
		};
/* End PBXResourcesBuildPhase section */

/* Begin PBXSourcesBuildPhase section */
		D7CC6EE42A3D60ED00199A22 /* Sources */ = {
			isa = PBXSourcesBuildPhase;
			buildActionMask = 2147483647;
			files = (
				D7CC6EF02A3D60ED00199A22 /* ViewController.swift in Sources */,
				D7CC6EEC2A3D60ED00199A22 /* AppDelegate.swift in Sources */,
				D7CC6EEE2A3D60ED00199A22 /* SceneDelegate.swift in Sources */,
				D7CC6F1E2A3E08F100199A22 /* Utils.swift in Sources */,
			);
			runOnlyForDeploymentPostprocessing = 0;
		};
		D7CC6EFA2A3D60EF00199A22 /* Sources */ = {
			isa = PBXSourcesBuildPhase;
			buildActionMask = 2147483647;
			files = (
				D7CC6F032A3D60EF00199A22 /* appTestesUnitariosTests.swift in Sources */,
				D7CC6F1C2A3E077800199A22 /* UtilsTest.swift in Sources */,
			);
			runOnlyForDeploymentPostprocessing = 0;
		};
/* End PBXSourcesBuildPhase section */

/* Begin PBXTargetDependency section */
		D7CC6F002A3D60EF00199A22 /* PBXTargetDependency */ = {
			isa = PBXTargetDependency;
			target = D7CC6EE72A3D60ED00199A22 /* appTestesUnitarios */;
			targetProxy = D7CC6EFF2A3D60EF00199A22 /* PBXContainerItemProxy */;
		};
/* End PBXTargetDependency section */

/* Begin PBXVariantGroup section */
		D7CC6EF12A3D60ED00199A22 /* Main.storyboard */ = {
			isa = PBXVariantGroup;
			children = (
				D7CC6EF22A3D60ED00199A22 /* Base */,
			);
			name = Main.storyboard;
			sourceTree = "<group>";
		};
		D7CC6EF62A3D60EF00199A22 /* LaunchScreen.storyboard */ = {
			isa = PBXVariantGroup;
			children = (
				D7CC6EF72A3D60EF00199A22 /* Base */,
			);
			name = LaunchScreen.storyboard;
			sourceTree = "<group>";
		};
/* End PBXVariantGroup section */

/* Begin XCBuildConfiguration section */
		D7CC6F102A3D60EF00199A22 /* Debug */ = {
			isa = XCBuildConfiguration;
			buildSettings = {
				ALWAYS_SEARCH_USER_PATHS = NO;
				CLANG_ANALYZER_NONNULL = YES;
				CLANG_ANALYZER_NUMBER_OBJECT_CONVERSION = YES_AGGRESSIVE;
				CLANG_CXX_LANGUAGE_STANDARD = "gnu++20";
				CLANG_ENABLE_MODULES = YES;
				CLANG_ENABLE_OBJC_ARC = YES;
				CLANG_ENABLE_OBJC_WEAK = YES;
				CLANG_WARN_BLOCK_CAPTURE_AUTORELEASING = YES;
				CLANG_WARN_BOOL_CONVERSION = YES;
				CLANG_WARN_COMMA = YES;
				CLANG_WARN_CONSTANT_CONVERSION = YES;
				CLANG_WARN_DEPRECATED_OBJC_IMPLEMENTATIONS = YES;
				CLANG_WARN_DIRECT_OBJC_ISA_USAGE = YES_ERROR;
				CLANG_WARN_DOCUMENTATION_COMMENTS = YES;
				CLANG_WARN_EMPTY_BODY = YES;
				CLANG_WARN_ENUM_CONVERSION = YES;
				CLANG_WARN_INFINITE_RECURSION = YES;
				CLANG_WARN_INT_CONVERSION = YES;
				CLANG_WARN_NON_LITERAL_NULL_CONVERSION = YES;
				CLANG_WARN_OBJC_IMPLICIT_RETAIN_SELF = YES;
				CLANG_WARN_OBJC_LITERAL_CONVERSION = YES;
				CLANG_WARN_OBJC_ROOT_CLASS = YES_ERROR;
				CLANG_WARN_QUOTED_INCLUDE_IN_FRAMEWORK_HEADER = YES;
				CLANG_WARN_RANGE_LOOP_ANALYSIS = YES;
				CLANG_WARN_STRICT_PROTOTYPES = YES;
				CLANG_WARN_SUSPICIOUS_MOVE = YES;
				CLANG_WARN_UNGUARDED_AVAILABILITY = YES_AGGRESSIVE;
				CLANG_WARN_UNREACHABLE_CODE = YES;
				CLANG_WARN__DUPLICATE_METHOD_MATCH = YES;
				COPY_PHASE_STRIP = NO;
				DEBUG_INFORMATION_FORMAT = dwarf;
				ENABLE_STRICT_OBJC_MSGSEND = YES;
				ENABLE_TESTABILITY = YES;
				GCC_C_LANGUAGE_STANDARD = gnu11;
				GCC_DYNAMIC_NO_PIC = NO;
				GCC_NO_COMMON_BLOCKS = YES;
				GCC_OPTIMIZATION_LEVEL = 0;
				GCC_PREPROCESSOR_DEFINITIONS = (
					"DEBUG=1",
					"$(inherited)",
				);
				GCC_WARN_64_TO_32_BIT_CONVERSION = YES;
				GCC_WARN_ABOUT_RETURN_TYPE = YES_ERROR;
				GCC_WARN_UNDECLARED_SELECTOR = YES;
				GCC_WARN_UNINITIALIZED_AUTOS = YES_AGGRESSIVE;
				GCC_WARN_UNUSED_FUNCTION = YES;
				GCC_WARN_UNUSED_VARIABLE = YES;
				IPHONEOS_DEPLOYMENT_TARGET = 16.4;
				MTL_ENABLE_DEBUG_INFO = INCLUDE_SOURCE;
				MTL_FAST_MATH = YES;
				ONLY_ACTIVE_ARCH = YES;
				SDKROOT = iphoneos;
				SWIFT_ACTIVE_COMPILATION_CONDITIONS = DEBUG;
				SWIFT_OPTIMIZATION_LEVEL = "-Onone";
			};
			name = Debug;
		};
		D7CC6F112A3D60EF00199A22 /* Release */ = {
			isa = XCBuildConfiguration;
			buildSettings = {
				ALWAYS_SEARCH_USER_PATHS = NO;
				CLANG_ANALYZER_NONNULL = YES;
				CLANG_ANALYZER_NUMBER_OBJECT_CONVERSION = YES_AGGRESSIVE;
				CLANG_CXX_LANGUAGE_STANDARD = "gnu++20";
				CLANG_ENABLE_MODULES = YES;
				CLANG_ENABLE_OBJC_ARC = YES;
				CLANG_ENABLE_OBJC_WEAK = YES;
				CLANG_WARN_BLOCK_CAPTURE_AUTORELEASING = YES;
				CLANG_WARN_BOOL_CONVERSION = YES;
				CLANG_WARN_COMMA = YES;
				CLANG_WARN_CONSTANT_CONVERSION = YES;
				CLANG_WARN_DEPRECATED_OBJC_IMPLEMENTATIONS = YES;
				CLANG_WARN_DIRECT_OBJC_ISA_USAGE = YES_ERROR;
				CLANG_WARN_DOCUMENTATION_COMMENTS = YES;
				CLANG_WARN_EMPTY_BODY = YES;
				CLANG_WARN_ENUM_CONVERSION = YES;
				CLANG_WARN_INFINITE_RECURSION = YES;
				CLANG_WARN_INT_CONVERSION = YES;
				CLANG_WARN_NON_LITERAL_NULL_CONVERSION = YES;
				CLANG_WARN_OBJC_IMPLICIT_RETAIN_SELF = YES;
				CLANG_WARN_OBJC_LITERAL_CONVERSION = YES;
				CLANG_WARN_OBJC_ROOT_CLASS = YES_ERROR;
				CLANG_WARN_QUOTED_INCLUDE_IN_FRAMEWORK_HEADER = YES;
				CLANG_WARN_RANGE_LOOP_ANALYSIS = YES;
				CLANG_WARN_STRICT_PROTOTYPES = YES;
				CLANG_WARN_SUSPICIOUS_MOVE = YES;
				CLANG_WARN_UNGUARDED_AVAILABILITY = YES_AGGRESSIVE;
				CLANG_WARN_UNREACHABLE_CODE = YES;
				CLANG_WARN__DUPLICATE_METHOD_MATCH = YES;
				COPY_PHASE_STRIP = NO;
				DEBUG_INFORMATION_FORMAT = "dwarf-with-dsym";
				ENABLE_NS_ASSERTIONS = NO;
				ENABLE_STRICT_OBJC_MSGSEND = YES;
				GCC_C_LANGUAGE_STANDARD = gnu11;
				GCC_NO_COMMON_BLOCKS = YES;
				GCC_WARN_64_TO_32_BIT_CONVERSION = YES;
				GCC_WARN_ABOUT_RETURN_TYPE = YES_ERROR;
				GCC_WARN_UNDECLARED_SELECTOR = YES;
				GCC_WARN_UNINITIALIZED_AUTOS = YES_AGGRESSIVE;
				GCC_WARN_UNUSED_FUNCTION = YES;
				GCC_WARN_UNUSED_VARIABLE = YES;
				IPHONEOS_DEPLOYMENT_TARGET = 16.4;
				MTL_ENABLE_DEBUG_INFO = NO;
				MTL_FAST_MATH = YES;
				SDKROOT = iphoneos;
				SWIFT_COMPILATION_MODE = wholemodule;
				SWIFT_OPTIMIZATION_LEVEL = "-O";
				VALIDATE_PRODUCT = YES;
			};
			name = Release;
		};
		D7CC6F132A3D60EF00199A22 /* Debug */ = {
			isa = XCBuildConfiguration;
			buildSettings = {
				ASSETCATALOG_COMPILER_APPICON_NAME = AppIcon;
				ASSETCATALOG_COMPILER_GLOBAL_ACCENT_COLOR_NAME = AccentColor;
				CODE_SIGN_STYLE = Automatic;
				CURRENT_PROJECT_VERSION = 1;
				GENERATE_INFOPLIST_FILE = YES;
				INFOPLIST_FILE = appTestesUnitarios/Info.plist;
				INFOPLIST_KEY_UIApplicationSupportsIndirectInputEvents = YES;
				INFOPLIST_KEY_UILaunchStoryboardName = LaunchScreen;
				INFOPLIST_KEY_UIMainStoryboardFile = Main;
				INFOPLIST_KEY_UISupportedInterfaceOrientations_iPad = "UIInterfaceOrientationPortrait UIInterfaceOrientationPortraitUpsideDown UIInterfaceOrientationLandscapeLeft UIInterfaceOrientationLandscapeRight";
				INFOPLIST_KEY_UISupportedInterfaceOrientations_iPhone = "UIInterfaceOrientationPortrait UIInterfaceOrientationLandscapeLeft UIInterfaceOrientationLandscapeRight";
				LD_RUNPATH_SEARCH_PATHS = (
					"$(inherited)",
					"@executable_path/Frameworks",
				);
				MARKETING_VERSION = 1.0;
				PRODUCT_BUNDLE_IDENTIFIER = com.kellerlivia.appTestesUnitarios;
				PRODUCT_NAME = "$(TARGET_NAME)";
				SWIFT_EMIT_LOC_STRINGS = YES;
				SWIFT_VERSION = 5.0;
				TARGETED_DEVICE_FAMILY = "1,2";
			};
			name = Debug;
		};
		D7CC6F142A3D60EF00199A22 /* Release */ = {
			isa = XCBuildConfiguration;
			buildSettings = {
				ASSETCATALOG_COMPILER_APPICON_NAME = AppIcon;
				ASSETCATALOG_COMPILER_GLOBAL_ACCENT_COLOR_NAME = AccentColor;
				CODE_SIGN_STYLE = Automatic;
				CURRENT_PROJECT_VERSION = 1;
				GENERATE_INFOPLIST_FILE = YES;
				INFOPLIST_FILE = appTestesUnitarios/Info.plist;
				INFOPLIST_KEY_UIApplicationSupportsIndirectInputEvents = YES;
				INFOPLIST_KEY_UILaunchStoryboardName = LaunchScreen;
				INFOPLIST_KEY_UIMainStoryboardFile = Main;
				INFOPLIST_KEY_UISupportedInterfaceOrientations_iPad = "UIInterfaceOrientationPortrait UIInterfaceOrientationPortraitUpsideDown UIInterfaceOrientationLandscapeLeft UIInterfaceOrientationLandscapeRight";
				INFOPLIST_KEY_UISupportedInterfaceOrientations_iPhone = "UIInterfaceOrientationPortrait UIInterfaceOrientationLandscapeLeft UIInterfaceOrientationLandscapeRight";
				LD_RUNPATH_SEARCH_PATHS = (
					"$(inherited)",
					"@executable_path/Frameworks",
				);
				MARKETING_VERSION = 1.0;
				PRODUCT_BUNDLE_IDENTIFIER = com.kellerlivia.appTestesUnitarios;
				PRODUCT_NAME = "$(TARGET_NAME)";
				SWIFT_EMIT_LOC_STRINGS = YES;
				SWIFT_VERSION = 5.0;
				TARGETED_DEVICE_FAMILY = "1,2";
			};
			name = Release;
		};
		D7CC6F162A3D60EF00199A22 /* Debug */ = {
			isa = XCBuildConfiguration;
			buildSettings = {
				ALWAYS_EMBED_SWIFT_STANDARD_LIBRARIES = YES;
				BUNDLE_LOADER = "$(TEST_HOST)";
				CODE_SIGN_STYLE = Automatic;
				CURRENT_PROJECT_VERSION = 1;
				GENERATE_INFOPLIST_FILE = YES;
				IPHONEOS_DEPLOYMENT_TARGET = 16.4;
				MARKETING_VERSION = 1.0;
				PRODUCT_BUNDLE_IDENTIFIER = com.kellerlivia.appTestesUnitariosTests;
				PRODUCT_NAME = "$(TARGET_NAME)";
				SWIFT_EMIT_LOC_STRINGS = NO;
				SWIFT_VERSION = 5.0;
				TARGETED_DEVICE_FAMILY = "1,2";
				TEST_HOST = "$(BUILT_PRODUCTS_DIR)/appTestesUnitarios.app/$(BUNDLE_EXECUTABLE_FOLDER_PATH)/appTestesUnitarios";
			};
			name = Debug;
		};
		D7CC6F172A3D60EF00199A22 /* Release */ = {
			isa = XCBuildConfiguration;
			buildSettings = {
				ALWAYS_EMBED_SWIFT_STANDARD_LIBRARIES = YES;
				BUNDLE_LOADER = "$(TEST_HOST)";
				CODE_SIGN_STYLE = Automatic;
				CURRENT_PROJECT_VERSION = 1;
				GENERATE_INFOPLIST_FILE = YES;
				IPHONEOS_DEPLOYMENT_TARGET = 16.4;
				MARKETING_VERSION = 1.0;
				PRODUCT_BUNDLE_IDENTIFIER = com.kellerlivia.appTestesUnitariosTests;
				PRODUCT_NAME = "$(TARGET_NAME)";
				SWIFT_EMIT_LOC_STRINGS = NO;
				SWIFT_VERSION = 5.0;
				TARGETED_DEVICE_FAMILY = "1,2";
				TEST_HOST = "$(BUILT_PRODUCTS_DIR)/appTestesUnitarios.app/$(BUNDLE_EXECUTABLE_FOLDER_PATH)/appTestesUnitarios";
			};
			name = Release;
		};
/* End XCBuildConfiguration section */

/* Begin XCConfigurationList section */
		D7CC6EE32A3D60ED00199A22 /* Build configuration list for PBXProject "appTestesUnitarios" */ = {
			isa = XCConfigurationList;
			buildConfigurations = (
				D7CC6F102A3D60EF00199A22 /* Debug */,
				D7CC6F112A3D60EF00199A22 /* Release */,
			);
			defaultConfigurationIsVisible = 0;
			defaultConfigurationName = Release;
		};
		D7CC6F122A3D60EF00199A22 /* Build configuration list for PBXNativeTarget "appTestesUnitarios" */ = {
			isa = XCConfigurationList;
			buildConfigurations = (
				D7CC6F132A3D60EF00199A22 /* Debug */,
				D7CC6F142A3D60EF00199A22 /* Release */,
			);
			defaultConfigurationIsVisible = 0;
			defaultConfigurationName = Release;
		};
		D7CC6F152A3D60EF00199A22 /* Build configuration list for PBXNativeTarget "appTestesUnitariosTests" */ = {
			isa = XCConfigurationList;
			buildConfigurations = (
				D7CC6F162A3D60EF00199A22 /* Debug */,
				D7CC6F172A3D60EF00199A22 /* Release */,
			);
			defaultConfigurationIsVisible = 0;
			defaultConfigurationName = Release;
		};
/* End XCConfigurationList section */
	};
	rootObject = D7CC6EE02A3D60ED00199A22 /* Project object */;
}
